
Microsoft Visual Studio Solution File, Format Version 12.00
# Visual Studio Version 16
VisualStudioVersion = 16.0.31402.337
MinimumVisualStudioVersion = 10.0.40219.1
Project("{9A19103F-16F7-4668-BE54-9A1E7A4F7556}") = "BooksLibrary", "BooksLibrary\BooksLibrary.csproj", "{57273FEE-8BE5-403B-AD26-7BD81BC44930}"
EndProject
Project("{9A19103F-16F7-4668-BE54-9A1E7A4F7556}") = "App", "App\App.csproj", "{46CB7385-9C18-403D-9616-BEFCBCAC8570}"
EndProject
Global
	GlobalSection(SolutionConfigurationPlatforms) = preSolution
		Debug|Any CPU = Debug|Any CPU
		Release|Any CPU = Release|Any CPU
	EndGlobalSection
	GlobalSection(ProjectConfigurationPlatforms) = postSolution
		{57273FEE-8BE5-403B-AD26-7BD81BC44930}.Debug|Any CPU.ActiveCfg = Debug|Any CPU
		{57273FEE-8BE5-403B-AD26-7BD81BC44930}.Debug|Any CPU.Build.0 = Debug|Any CPU
		{57273FEE-8BE5-403B-AD26-7BD81BC44930}.Release|Any CPU.ActiveCfg = Release|Any CPU
		{57273FEE-8BE5-403B-AD26-7BD81BC44930}.Release|Any CPU.Build.0 = Release|Any CPU
		{46CB7385-9C18-403D-9616-BEFCBCAC8570}.Debug|Any CPU.ActiveCfg = Debug|Any CPU
		{46CB7385-9C18-403D-9616-BEFCBCAC8570}.Debug|Any CPU.Build.0 = Debug|Any CPU
		{46CB7385-9C18-403D-9616-BEFCBCAC8570}.Release|Any CPU.ActiveCfg = Release|Any CPU
		{46CB7385-9C18-403D-9616-BEFCBCAC8570}.Release|Any CPU.Build.0 = Release|Any CPU
	EndGlobalSection
	GlobalSection(SolutionProperties) = preSolution
		HideSolutionNode = FALSE
	EndGlobalSection
	GlobalSection(ExtensibilityGlobals) = postSolution
		SolutionGuid = {9406026E-26A9-4695-B6AA-887CA6E18781}
	EndGlobalSection
EndGlobal
